
Microsoft Visual Studio Solution File, Format Version 12.00
# Visual Studio Version 16
VisualStudioVersion = 16.0.30204.135
MinimumVisualStudioVersion = 10.0.40219.1
Project("{9092AA53-FB77-4645-B42D-1CCCA6BD08BD}") = "COMP2068HWPart2", "COMP2068HWPart2.njsproj", "{57C1A32E-6F77-4DFC-A3FA-CA96098646B9}"
EndProject
Global
	GlobalSection(SolutionConfigurationPlatforms) = preSolution
		Debug|Any CPU = Debug|Any CPU
		Release|Any CPU = Release|Any CPU
	EndGlobalSection
	GlobalSection(ProjectConfigurationPlatforms) = postSolution
		{57C1A32E-6F77-4DFC-A3FA-CA96098646B9}.Debug|Any CPU.ActiveCfg = Debug|Any CPU
		{57C1A32E-6F77-4DFC-A3FA-CA96098646B9}.Debug|Any CPU.Build.0 = Debug|Any CPU
		{57C1A32E-6F77-4DFC-A3FA-CA96098646B9}.Release|Any CPU.ActiveCfg = Release|Any CPU
		{57C1A32E-6F77-4DFC-A3FA-CA96098646B9}.Release|Any CPU.Build.0 = Release|Any CPU
	EndGlobalSection
	GlobalSection(SolutionProperties) = preSolution
		HideSolutionNode = FALSE
	EndGlobalSection
	GlobalSection(ExtensibilityGlobals) = postSolution
		SolutionGuid = {1E920887-5660-4895-B80B-F2DC02C9EA49}
	EndGlobalSection
EndGlobal
